
Microsoft Visual Studio Solution File, Format Version 12.00
# Visual Studio Version 17
VisualStudioVersion = 17.9.34714.143
MinimumVisualStudioVersion = 10.0.40219.1
Project("{FAE04EC0-301F-11D3-BF4B-00C04F79EFBC}") = "BreakoutGame-IVART_Vincent", "BreakoutGame-IVART_Vincent\BreakoutGame-IVART_Vincent.csproj", "{3F448FC5-AD94-497C-B402-1ACE2669FC98}"
EndProject
Global
	GlobalSection(SolutionConfigurationPlatforms) = preSolution
		Debug|Any CPU = Debug|Any CPU
		Release|Any CPU = Release|Any CPU
	EndGlobalSection
	GlobalSection(ProjectConfigurationPlatforms) = postSolution
		{3F448FC5-AD94-497C-B402-1ACE2669FC98}.Debug|Any CPU.ActiveCfg = Debug|Any CPU
		{3F448FC5-AD94-497C-B402-1ACE2669FC98}.Debug|Any CPU.Build.0 = Debug|Any CPU
		{3F448FC5-AD94-497C-B402-1ACE2669FC98}.Release|Any CPU.ActiveCfg = Release|Any CPU
		{3F448FC5-AD94-497C-B402-1ACE2669FC98}.Release|Any CPU.Build.0 = Release|Any CPU
	EndGlobalSection
	GlobalSection(SolutionProperties) = preSolution
		HideSolutionNode = FALSE
	EndGlobalSection
	GlobalSection(ExtensibilityGlobals) = postSolution
		SolutionGuid = {C93D566C-EDAB-408E-B75D-968511AA361C}
	EndGlobalSection
EndGlobal
